
Microsoft Visual Studio Solution File, Format Version 11.00
# Visual Studio 2010
Project("{FAE04EC0-301F-11D3-BF4B-00C04F79EFBC}") = "vrarchery", "Assembly-CSharp.csproj", "{4AF1F60F-7706-E96E-189E-ED7FEFB34714}"
EndProject
Project("{FAE04EC0-301F-11D3-BF4B-00C04F79EFBC}") = "vrarchery", "Assembly-CSharp-Editor.csproj", "{07512170-0C79-BA87-37F2-7370A3640931}"
EndProject
Global
	GlobalSection(SolutionConfigurationPlatforms) = preSolution
		Debug|Any CPU = Debug|Any CPU
		Release|Any CPU = Release|Any CPU
	EndGlobalSection
	GlobalSection(ProjectConfigurationPlatforms) = postSolution
		{4AF1F60F-7706-E96E-189E-ED7FEFB34714}.Debug|Any CPU.ActiveCfg = Debug|Any CPU
		{4AF1F60F-7706-E96E-189E-ED7FEFB34714}.Debug|Any CPU.Build.0 = Debug|Any CPU
		{4AF1F60F-7706-E96E-189E-ED7FEFB34714}.Release|Any CPU.ActiveCfg = Release|Any CPU
		{4AF1F60F-7706-E96E-189E-ED7FEFB34714}.Release|Any CPU.Build.0 = Release|Any CPU
		{07512170-0C79-BA87-37F2-7370A3640931}.Debug|Any CPU.ActiveCfg = Debug|Any CPU
		{07512170-0C79-BA87-37F2-7370A3640931}.Debug|Any CPU.Build.0 = Debug|Any CPU
		{07512170-0C79-BA87-37F2-7370A3640931}.Release|Any CPU.ActiveCfg = Release|Any CPU
		{07512170-0C79-BA87-37F2-7370A3640931}.Release|Any CPU.Build.0 = Release|Any CPU
	EndGlobalSection
	GlobalSection(SolutionProperties) = preSolution
		HideSolutionNode = FALSE
	EndGlobalSection
	GlobalSection(MonoDevelopProperties) = preSolution
		StartupItem = Assembly-CSharp.csproj
	EndGlobalSection
EndGlobal
